
Microsoft Visual Studio Solution File, Format Version 12.00
# Visual Studio Version 17
VisualStudioVersion = 17.4.33403.182
MinimumVisualStudioVersion = 10.0.40219.1
Project("{FAE04EC0-301F-11D3-BF4B-00C04F79EFBC}") = "LabTasks1", "LabTasks1\LabTasks1.csproj", "{B70F81C3-5259-448D-8873-65BB2B36289E}"
EndProject
Global
	GlobalSection(SolutionConfigurationPlatforms) = preSolution
		Debug|Any CPU = Debug|Any CPU
		Release|Any CPU = Release|Any CPU
	EndGlobalSection
	GlobalSection(ProjectConfigurationPlatforms) = postSolution
		{B70F81C3-5259-448D-8873-65BB2B36289E}.Debug|Any CPU.ActiveCfg = Debug|Any CPU
		{B70F81C3-5259-448D-8873-65BB2B36289E}.Debug|Any CPU.Build.0 = Debug|Any CPU
		{B70F81C3-5259-448D-8873-65BB2B36289E}.Release|Any CPU.ActiveCfg = Release|Any CPU
		{B70F81C3-5259-448D-8873-65BB2B36289E}.Release|Any CPU.Build.0 = Release|Any CPU
	EndGlobalSection
	GlobalSection(SolutionProperties) = preSolution
		HideSolutionNode = FALSE
	EndGlobalSection
	GlobalSection(ExtensibilityGlobals) = postSolution
		SolutionGuid = {E0C592B7-AC8E-4C33-A786-7B37E493F242}
	EndGlobalSection
EndGlobal
